
Microsoft Visual Studio Solution File, Format Version 12.00
# Visual Studio Version 16
VisualStudioVersion = 16.0.31613.86
MinimumVisualStudioVersion = 10.0.40219.1
Project("{9A19103F-16F7-4668-BE54-9A1E7A4F7556}") = "Exercicio-2", "Exercicio-2\Exercicio-2.csproj", "{BA020E6C-1494-4682-A224-3FDB6A7EC347}"
EndProject
Project("{FAE04EC0-301F-11D3-BF4B-00C04F79EFBC}") = "Exercicio-1", "Exercicio-1\Exercicio-1.csproj", "{51901984-F9B6-4CF7-94A9-6B88E87D646B}"
EndProject
Project("{FAE04EC0-301F-11D3-BF4B-00C04F79EFBC}") = "Exercicio-3", "Exercicio-3\Exercicio-3.csproj", "{B3893AB2-A374-4549-AAE3-B4265730CD61}"
EndProject
Global
	GlobalSection(SolutionConfigurationPlatforms) = preSolution
		Debug|Any CPU = Debug|Any CPU
		Release|Any CPU = Release|Any CPU
	EndGlobalSection
	GlobalSection(ProjectConfigurationPlatforms) = postSolution
		{BA020E6C-1494-4682-A224-3FDB6A7EC347}.Debug|Any CPU.ActiveCfg = Debug|Any CPU
		{BA020E6C-1494-4682-A224-3FDB6A7EC347}.Debug|Any CPU.Build.0 = Debug|Any CPU
		{BA020E6C-1494-4682-A224-3FDB6A7EC347}.Release|Any CPU.ActiveCfg = Release|Any CPU
		{BA020E6C-1494-4682-A224-3FDB6A7EC347}.Release|Any CPU.Build.0 = Release|Any CPU
		{51901984-F9B6-4CF7-94A9-6B88E87D646B}.Debug|Any CPU.ActiveCfg = Debug|Any CPU
		{51901984-F9B6-4CF7-94A9-6B88E87D646B}.Debug|Any CPU.Build.0 = Debug|Any CPU
		{51901984-F9B6-4CF7-94A9-6B88E87D646B}.Release|Any CPU.ActiveCfg = Release|Any CPU
		{51901984-F9B6-4CF7-94A9-6B88E87D646B}.Release|Any CPU.Build.0 = Release|Any CPU
		{B3893AB2-A374-4549-AAE3-B4265730CD61}.Debug|Any CPU.ActiveCfg = Debug|Any CPU
		{B3893AB2-A374-4549-AAE3-B4265730CD61}.Debug|Any CPU.Build.0 = Debug|Any CPU
		{B3893AB2-A374-4549-AAE3-B4265730CD61}.Release|Any CPU.ActiveCfg = Release|Any CPU
		{B3893AB2-A374-4549-AAE3-B4265730CD61}.Release|Any CPU.Build.0 = Release|Any CPU
	EndGlobalSection
	GlobalSection(SolutionProperties) = preSolution
		HideSolutionNode = FALSE
	EndGlobalSection
	GlobalSection(ExtensibilityGlobals) = postSolution
		SolutionGuid = {9F181831-D0B7-4489-9CE3-55A374A84400}
	EndGlobalSection
EndGlobal
